---
lockfileVersion: 1
lockfileVendor: redhat
arches:
- arch: x86_64
  packages:
  - url: https://mirror.stream.centos.org/10-stream/AppStream/x86_64/os/Packages/boost-system-1.83.0-5.el10.x86_64.rpm
    repoid: appstream
    size: 15139
    checksum: sha256:98e18345d8a63b01ba64ccc029131c122354135e84d3d0dc109bd47790639e4f
    name: boost-system
    evr: 1.83.0-5.el10
    sourcerpm: boost-1.83.0-5.el10.src.rpm
  - url: https://mirror.stream.centos.org/10-stream/AppStream/x86_64/os/Packages/boost-thread-1.83.0-5.el10.x86_64.rpm
    repoid: appstream
    size: 63375
    checksum: sha256:1beaa69e46921963ee8a23ce59ec9250509c082033513ccfa292fe70bd578c43
    name: boost-thread
    evr: 1.83.0-5.el10
    sourcerpm: boost-1.83.0-5.el10.src.rpm
  - url: https://mirror.stream.centos.org/10-stream/AppStream/x86_64/os/Packages/protobuf-3.19.6-11.el10.x86_64.rpm
    repoid: appstream
    size: 1066739
    checksum: sha256:46c5f51c8b9684049685cb6454d8ff51b63061223b715968dc8d984f39c50c8b
    name: protobuf
    evr: 3.19.6-11.el10
    sourcerpm: protobuf-3.19.6-11.el10.src.rpm
  - url: https://mirror.stream.centos.org/10-stream/AppStream/x86_64/os/Packages/sgx-common-2.25-6.el10.x86_64.rpm
    repoid: appstream
    size: 49787
    checksum: sha256:4d11bacadf5bdcaeeeaa9bc87de3303aeac3b0c3230f8cc56acd946e74066235
    name: sgx-common
    evr: 2.25-6.el10
    sourcerpm: linux-sgx-2.25-6.el10.src.rpm
  - url: https://mirror.stream.centos.org/10-stream/AppStream/x86_64/os/Packages/sgx-enclave-prebuilt-common-2.25-3.el10.x86_64.rpm
    repoid: appstream
    size: 36296
    checksum: sha256:a07326d0e7a03f23916b12f96076741f741d67660f3f0ae2747b8ae12a7ed933
    name: sgx-enclave-prebuilt-common
    evr: 2.25-3.el10
    sourcerpm: linux-sgx-enclaves-prebuilt-2.25-3.el10.src.rpm
  - url: https://mirror.stream.centos.org/10-stream/AppStream/x86_64/os/Packages/sgx-enclave-prebuilt-ide-signed-2.25-3.el10.x86_64.rpm
    repoid: appstream
    size: 93640
    checksum: sha256:94dea0e95d46007d4ace909a84d7edb81736cd6d5f663044403fe878235936a1
    name: sgx-enclave-prebuilt-ide-signed
    evr: 2.25-3.el10
    sourcerpm: linux-sgx-enclaves-prebuilt-2.25-3.el10.src.rpm
  - url: https://mirror.stream.centos.org/10-stream/AppStream/x86_64/os/Packages/sgx-enclave-prebuilt-pce-signed-2.25-3.el10.x86_64.rpm
    repoid: appstream
    size: 956013
    checksum: sha256:9736c9b8c850064fed72e32630e1dc5660c6da7568b02b98ba2aedb08568b226
    name: sgx-enclave-prebuilt-pce-signed
    evr: 2.25-3.el10
    sourcerpm: linux-sgx-enclaves-prebuilt-2.25-3.el10.src.rpm
  - url: https://mirror.stream.centos.org/10-stream/AppStream/x86_64/os/Packages/sgx-enclave-prebuilt-tdqe-signed-2.25-3.el10.x86_64.rpm
    repoid: appstream
    size: 903752
    checksum: sha256:9dd6d455e31fada348992a3f5bcbfd3c186383e45514bb47273973d0cb3b6587
    name: sgx-enclave-prebuilt-tdqe-signed
    evr: 2.25-3.el10
    sourcerpm: linux-sgx-enclaves-prebuilt-2.25-3.el10.src.rpm
  - url: https://mirror.stream.centos.org/10-stream/AppStream/x86_64/os/Packages/sgx-libs-2.25-6.el10.x86_64.rpm
    repoid: appstream
    size: 1052441
    checksum: sha256:bf9d95a56a529b28451c6bc3992b3e6ff3df46b469b34d35d5b65a3f82ba541c
    name: sgx-libs
    evr: 2.25-6.el10
    sourcerpm: linux-sgx-2.25-6.el10.src.rpm
  - url: https://mirror.stream.centos.org/10-stream/AppStream/x86_64/os/Packages/sgx-mpa-2.25-6.el10.x86_64.rpm
    repoid: appstream
    size: 41104
    checksum: sha256:8316dc11aa28ea905b5d699eb191afe722ac245213b93a12a43305b4f75741c7
    name: sgx-mpa
    evr: 2.25-6.el10
    sourcerpm: linux-sgx-2.25-6.el10.src.rpm
  - url: https://mirror.stream.centos.org/10-stream/AppStream/x86_64/os/Packages/sgx-pckid-tool-2.25-6.el10.x86_64.rpm
    repoid: appstream
    size: 36353
    checksum: sha256:5af27ea25eeaf5952f49cc40d4e306ae7fc1531ad4942b524b84b196b6184f18
    name: sgx-pckid-tool
    evr: 2.25-6.el10
    sourcerpm: linux-sgx-2.25-6.el10.src.rpm
  - url: https://mirror.stream.centos.org/10-stream/AppStream/x86_64/os/Packages/tdx-qgs-2.25-6.el10.x86_64.rpm
    repoid: appstream
    size: 110308
    checksum: sha256:c88ae69a6acb78bb393b13d0d5b3cd9802de85c7815044f81cdd48ae6bcd2f5e
    name: tdx-qgs
    evr: 2.25-6.el10
    sourcerpm: linux-sgx-2.25-6.el10.src.rpm
  source: []
  module_metadata: []
