---
lockfileVersion: 1
lockfileVendor: redhat
arches:
- arch: s390x
  packages:
  - url: https://cdn.redhat.com/content/dist/rhel10/10/s390x/baseos/os/Packages/c/cryptsetup-2.7.5-2.el10.s390x.rpm
    repoid: rhel-10-for-s390x-baseos-rpms
    size: 346266
    checksum: sha256:f2ed51563fa69ae0e2c0005767f2966e1ef3d8190cc9796d056ccf66769e35a9
    name: cryptsetup
    evr: 2.7.5-2.el10
    sourcerpm: cryptsetup-2.7.5-2.el10.src.rpm
  - url: https://cdn.redhat.com/content/dist/rhel10/10/s390x/baseos/os/Packages/c/cryptsetup-libs-2.7.5-2.el10.s390x.rpm
    repoid: rhel-10-for-s390x-baseos-rpms
    size: 544273
    checksum: sha256:88500dc8bfcccd7049e53821dea6dc24da0fa1147be211fe5d0ee4cbd72a6ee4
    name: cryptsetup-libs
    evr: 2.7.5-2.el10
    sourcerpm: cryptsetup-2.7.5-2.el10.src.rpm
  - url: https://cdn.redhat.com/content/dist/rhel10/10/s390x/baseos/os/Packages/c/cyrus-sasl-lib-2.1.28-29.el10.s390x.rpm
    repoid: rhel-10-for-s390x-baseos-rpms
    size: 112791
    checksum: sha256:741a40fb978d896f952c886205443c1286d7520d45986f4275a8fb5288907e95
    name: cyrus-sasl-lib
    evr: 2.1.28-29.el10
    sourcerpm: cyrus-sasl-2.1.28-29.el10.src.rpm
  - url: https://cdn.redhat.com/content/dist/rhel10/10/s390x/baseos/os/Packages/d/device-mapper-1.02.206-3.el10.s390x.rpm
    repoid: rhel-10-for-s390x-baseos-rpms
    size: 145599
    checksum: sha256:7a6657ddd6fd8575c48b7e191071c2d506b5c8dfa2f28b74facad8303c4c289c
    name: device-mapper
    evr: 10:1.02.206-3.el10
    sourcerpm: lvm2-2.03.32-3.el10.src.rpm
  - url: https://cdn.redhat.com/content/dist/rhel10/10/s390x/baseos/os/Packages/d/device-mapper-libs-1.02.206-3.el10.s390x.rpm
    repoid: rhel-10-for-s390x-baseos-rpms
    size: 189164
    checksum: sha256:c3517b6f02b6729e55cbf05564ed05655f1b4039ef43aec0ac377ada3915c9ae
    name: device-mapper-libs
    evr: 10:1.02.206-3.el10
    sourcerpm: lvm2-2.03.32-3.el10.src.rpm
  - url: https://cdn.redhat.com/content/dist/rhel10/10/s390x/baseos/os/Packages/e/e2fsprogs-1.47.1-4.el10.s390x.rpm
    repoid: rhel-10-for-s390x-baseos-rpms
    size: 1121668
    checksum: sha256:59e11761bb46813e70897230408f41ae64da7f91ce9ccd9108b0cb949d6f0b20
    name: e2fsprogs
    evr: 1.47.1-4.el10
    sourcerpm: e2fsprogs-1.47.1-4.el10.src.rpm
  - url: https://cdn.redhat.com/content/dist/rhel10/10/s390x/baseos/os/Packages/e/e2fsprogs-libs-1.47.1-4.el10.s390x.rpm
    repoid: rhel-10-for-s390x-baseos-rpms
    size: 243102
    checksum: sha256:369b1781b84e43fe988beb96cfe5236f451596d1e225b2bfe9e921deae1d9a00
    name: e2fsprogs-libs
    evr: 1.47.1-4.el10
    sourcerpm: e2fsprogs-1.47.1-4.el10.src.rpm
  - url: https://cdn.redhat.com/content/dist/rhel10/10/s390x/baseos/os/Packages/f/fuse3-libs-3.16.2-5.el10.s390x.rpm
    repoid: rhel-10-for-s390x-baseos-rpms
    size: 97943
    checksum: sha256:c7f74ea6461e6d494798046fcdda05c730b0d5880e4c39329e3b90c0c80d42fd
    name: fuse3-libs
    evr: 3.16.2-5.el10
    sourcerpm: fuse3-3.16.2-5.el10.src.rpm
  - url: https://cdn.redhat.com/content/dist/rhel10/10/s390x/baseos/os/Packages/g/gssproxy-0.9.2-10.el10.s390x.rpm
    repoid: rhel-10-for-s390x-baseos-rpms
    size: 119649
    checksum: sha256:05866b49963963288f11b81033b17e5ac0363255ee9156365c36d0f4703f389d
    name: gssproxy
    evr: 0.9.2-10.el10
    sourcerpm: gssproxy-0.9.2-10.el10.src.rpm
  - url: https://cdn.redhat.com/content/dist/rhel10/10/s390x/baseos/os/Packages/i/inih-58-3.el10.s390x.rpm
    repoid: rhel-10-for-s390x-baseos-rpms
    size: 21297
    checksum: sha256:cb2661b665d0e670c554aba949d70aa097ecfcd6ce7b11fa64293e015a2b2513
    name: inih
    evr: 58-3.el10
    sourcerpm: inih-58-3.el10.src.rpm
  - url: https://cdn.redhat.com/content/dist/rhel10/10/s390x/baseos/os/Packages/i/iscsi-initiator-utils-6.2.1.11-0.git4b3e853.el10.s390x.rpm
    repoid: rhel-10-for-s390x-baseos-rpms
    size: 419453
    checksum: sha256:e3760d99ba48fd47c0cccd12c79678cd2f6f7e97b0eccac7173d578f1004bc36
    name: iscsi-initiator-utils
    evr: 6.2.1.11-0.git4b3e853.el10
    sourcerpm: iscsi-initiator-utils-6.2.1.11-0.git4b3e853.el10.src.rpm
  - url: https://cdn.redhat.com/content/dist/rhel10/10/s390x/baseos/os/Packages/i/iscsi-initiator-utils-iscsiuio-6.2.1.11-0.git4b3e853.el10.s390x.rpm
    repoid: rhel-10-for-s390x-baseos-rpms
    size: 87050
    checksum: sha256:91c7e08cb2a03fcacf7f1a1b0d1a7f296e9a98392eb75da9c51c17a65a7550ed
    name: iscsi-initiator-utils-iscsiuio
    evr: 6.2.1.11-0.git4b3e853.el10
    sourcerpm: iscsi-initiator-utils-6.2.1.11-0.git4b3e853.el10.src.rpm
  - url: https://cdn.redhat.com/content/dist/rhel10/10/s390x/baseos/os/Packages/i/isns-utils-libs-0.103-1.el10.s390x.rpm
    repoid: rhel-10-for-s390x-baseos-rpms
    size: 105919
    checksum: sha256:df4a90e6fbc35b64e6ca4edf8b08fedfdd4bbe420093ad4ac3e9cd5e65c0c8fd
    name: isns-utils-libs
    evr: 0.103-1.el10
    sourcerpm: isns-utils-0.103-1.el10.src.rpm
  - url: https://cdn.redhat.com/content/dist/rhel10/10/s390x/baseos/os/Packages/k/kmod-31-12.el10.s390x.rpm
    repoid: rhel-10-for-s390x-baseos-rpms
    size: 143744
    checksum: sha256:32feeaa492ee070e64694faf714ba7990fe5ec1ccefec20f0bdecb47923e4c69
    name: kmod
    evr: 31-12.el10
    sourcerpm: kmod-31-12.el10.src.rpm
  - url: https://cdn.redhat.com/content/dist/rhel10/10/s390x/baseos/os/Packages/k/kmod-libs-31-12.el10.s390x.rpm
    repoid: rhel-10-for-s390x-baseos-rpms
    size: 73597
    checksum: sha256:d551ff793bf3a755e18d482f668ebb74127eaba56b41d433a47a9d37ae9d8484
    name: kmod-libs
    evr: 31-12.el10
    sourcerpm: kmod-31-12.el10.src.rpm
  - url: https://cdn.redhat.com/content/dist/rhel10/10/s390x/baseos/os/Packages/l/libbasicobjects-0.1.1-58.el10.s390x.rpm
    repoid: rhel-10-for-s390x-baseos-rpms
    size: 28888
    checksum: sha256:2007e8ff6a635533520406f8022a00442485f577bee7150c6ddc5ca0e114dcf6
    name: libbasicobjects
    evr: 0.1.1-58.el10
    sourcerpm: ding-libs-0.6.2-58.el10.src.rpm
  - url: https://cdn.redhat.com/content/dist/rhel10/10/s390x/baseos/os/Packages/l/libcollection-0.7.0-58.el10.s390x.rpm
    repoid: rhel-10-for-s390x-baseos-rpms
    size: 48297
    checksum: sha256:897837af2e15fcc70768f4f668aaeae3f4fd5b37e4ac81a4149fcca320d29aa3
    name: libcollection
    evr: 0.7.0-58.el10
    sourcerpm: ding-libs-0.6.2-58.el10.src.rpm
  - url: https://cdn.redhat.com/content/dist/rhel10/10/s390x/baseos/os/Packages/l/libedit-3.1-52.20230828cvs.el10.s390x.rpm
    repoid: rhel-10-for-s390x-baseos-rpms
    size: 122805
    checksum: sha256:690168588b9366b38cd2e61bdbb0e1c564ede71d7c9660ab7237231acfc2c2c8
    name: libedit
    evr: 3.1-52.20230828cvs.el10
    sourcerpm: libedit-3.1-52.20230828cvs.el10.src.rpm
  - url: https://cdn.redhat.com/content/dist/rhel10/10/s390x/baseos/os/Packages/l/libev-4.33-14.el10.s390x.rpm
    repoid: rhel-10-for-s390x-baseos-rpms
    size: 57282
    checksum: sha256:6724bf15d87ad8234ee8d7bd9f5fdec221eed3044c4ca7c8b54d001f67d0dd46
    name: libev
    evr: 4.33-14.el10
    sourcerpm: libev-4.33-14.el10.src.rpm
  - url: https://cdn.redhat.com/content/dist/rhel10/10/s390x/baseos/os/Packages/l/libevent-2.1.12-16.el10.s390x.rpm
    repoid: rhel-10-for-s390x-baseos-rpms
    size: 274117
    checksum: sha256:4bf699fe869c117a5396d16de9126d27c04a2e45a22d6c4beadf7988767491da
    name: libevent
    evr: 2.1.12-16.el10
    sourcerpm: libevent-2.1.12-16.el10.src.rpm
  - url: https://cdn.redhat.com/content/dist/rhel10/10/s390x/baseos/os/Packages/l/libini_config-1.3.1-58.el10.s390x.rpm
    repoid: rhel-10-for-s390x-baseos-rpms
    size: 73354
    checksum: sha256:de3fd988b10cee42ddbc4223907c6e554405421c2fb65de96dfd21b13a9b5ec3
    name: libini_config
    evr: 1.3.1-58.el10
    sourcerpm: ding-libs-0.6.2-58.el10.src.rpm
  - url: https://cdn.redhat.com/content/dist/rhel10/10/s390x/baseos/os/Packages/l/libnfsidmap-2.8.3-0.el10.s390x.rpm
    repoid: rhel-10-for-s390x-baseos-rpms
    size: 66083
    checksum: sha256:d82ad6b58ef188810f9da1534a140c8026ca99eb31ebbb17441d5f6ce04d5325
    name: libnfsidmap
    evr: 1:2.8.3-0.el10
    sourcerpm: nfs-utils-2.8.3-0.el10.src.rpm
  - url: https://cdn.redhat.com/content/dist/rhel10/10/s390x/baseos/os/Packages/l/libnl3-3.11.0-1.el10.s390x.rpm
    repoid: rhel-10-for-s390x-baseos-rpms
    size: 380284
    checksum: sha256:3021825082d8733c059c54703cdb55ca38a65acd31d72a9f643e3b15736e7401
    name: libnl3
    evr: 3.11.0-1.el10
    sourcerpm: libnl3-3.11.0-1.el10.src.rpm
  - url: https://cdn.redhat.com/content/dist/rhel10/10/s390x/baseos/os/Packages/l/libpath_utils-0.2.1-58.el10.s390x.rpm
    repoid: rhel-10-for-s390x-baseos-rpms
    size: 32507
    checksum: sha256:d28cb8e21d9640c5555047630850272b3a5ca3b2b18f7beaa45335f52b8638fd
    name: libpath_utils
    evr: 0.2.1-58.el10
    sourcerpm: ding-libs-0.6.2-58.el10.src.rpm
  - url: https://cdn.redhat.com/content/dist/rhel10/10/s390x/baseos/os/Packages/l/libref_array-0.1.5-58.el10.s390x.rpm
    repoid: rhel-10-for-s390x-baseos-rpms
    size: 30468
    checksum: sha256:8de15e18df736466f8274bfdef674d1d605873c54900b6cd9240562c5047a416
    name: libref_array
    evr: 0.1.5-58.el10
    sourcerpm: ding-libs-0.6.2-58.el10.src.rpm
  - url: https://cdn.redhat.com/content/dist/rhel10/10/s390x/baseos/os/Packages/l/libss-1.47.1-4.el10.s390x.rpm
    repoid: rhel-10-for-s390x-baseos-rpms
    size: 33384
    checksum: sha256:a40b4da0cc9b63b52c3ca0d9f1965fb2d68bbdad782191a2b2645b548b0b61c5
    name: libss
    evr: 1.47.1-4.el10
    sourcerpm: e2fsprogs-1.47.1-4.el10.src.rpm
  - url: https://cdn.redhat.com/content/dist/rhel10/10/s390x/baseos/os/Packages/l/libtirpc-1.3.5-1.el10.s390x.rpm
    repoid: rhel-10-for-s390x-baseos-rpms
    size: 102528
    checksum: sha256:0500c6b151d68e8430f3e444c44e85c81a8197b24fbbd0c092c99515737ebb4a
    name: libtirpc
    evr: 1.3.5-1.el10
    sourcerpm: libtirpc-1.3.5-1.el10.src.rpm
  - url: https://cdn.redhat.com/content/dist/rhel10/10/s390x/baseos/os/Packages/l/libverto-libev-0.3.2-10.el10.s390x.rpm
    repoid: rhel-10-for-s390x-baseos-rpms
    size: 15181
    checksum: sha256:8dcfe648f620654c964f70a0a9611c6e38adbc7e1ed7df830cdc5a25d25260cb
    name: libverto-libev
    evr: 0.3.2-10.el10
    sourcerpm: libverto-0.3.2-10.el10.src.rpm
  - url: https://cdn.redhat.com/content/dist/rhel10/10/s390x/baseos/os/Packages/n/nfs-utils-2.8.3-0.el10.s390x.rpm
    repoid: rhel-10-for-s390x-baseos-rpms
    size: 503198
    checksum: sha256:726f417b27091906dad643763507026779c4da5b64abe5f7224bb495acfaa5e0
    name: nfs-utils
    evr: 1:2.8.3-0.el10
    sourcerpm: nfs-utils-2.8.3-0.el10.src.rpm
  - url: https://cdn.redhat.com/content/dist/rhel10/10/s390x/baseos/os/Packages/o/openldap-2.6.9-1.el10.s390x.rpm
    repoid: rhel-10-for-s390x-baseos-rpms
    size: 249912
    checksum: sha256:6ee361d5869310735b6293e011418ac050ab334cef3699ef2d39edd742abdc10
    name: openldap
    evr: 2.6.9-1.el10
    sourcerpm: openldap-2.6.9-1.el10.src.rpm
  - url: https://cdn.redhat.com/content/dist/rhel10/10/s390x/baseos/os/Packages/q/quota-4.09-9.el10.s390x.rpm
    repoid: rhel-10-for-s390x-baseos-rpms
    size: 216422
    checksum: sha256:1fddb36809872dfc47c64d05cd21191587cbb2c085195451ec42ef5fbf47552d
    name: quota
    evr: 1:4.09-9.el10
    sourcerpm: quota-4.09-9.el10.src.rpm
  - url: https://cdn.redhat.com/content/dist/rhel10/10/s390x/baseos/os/Packages/q/quota-nls-4.09-9.el10.noarch.rpm
    repoid: rhel-10-for-s390x-baseos-rpms
    size: 81280
    checksum: sha256:e4d15257ce8b5bb1e5d5f31f103078603a7ba2984099e1a392a11bc79a715b78
    name: quota-nls
    evr: 1:4.09-9.el10
    sourcerpm: quota-4.09-9.el10.src.rpm
  - url: https://cdn.redhat.com/content/dist/rhel10/10/s390x/baseos/os/Packages/r/rpcbind-1.2.7-3.el10.s390x.rpm
    repoid: rhel-10-for-s390x-baseos-rpms
    size: 64492
    checksum: sha256:5c59ebef4ff61e0db83a309059e7d989f3161822791091ab50a839e04d668d35
    name: rpcbind
    evr: 1.2.7-3.el10
    sourcerpm: rpcbind-1.2.7-3.el10.src.rpm
  - url: https://cdn.redhat.com/content/dist/rhel10/10/s390x/baseos/os/Packages/u/userspace-rcu-0.14.0-7.el10.s390x.rpm
    repoid: rhel-10-for-s390x-baseos-rpms
    size: 127108
    checksum: sha256:5c772a129ba4bea65ade9b9f688acbc7eb3d8fa998ffad329bc5012e2dd87709
    name: userspace-rcu
    evr: 0.14.0-7.el10
    sourcerpm: userspace-rcu-0.14.0-7.el10.src.rpm
  - url: https://cdn.redhat.com/content/dist/rhel10/10/s390x/baseos/os/Packages/x/xfsprogs-6.11.0-2.el10.s390x.rpm
    repoid: rhel-10-for-s390x-baseos-rpms
    size: 1254364
    checksum: sha256:44c3453fb671e69de3f8743a6d00075bd93c1dd0c6a3fdf288b04d30a86fde3f
    name: xfsprogs
    evr: 6.11.0-2.el10
    sourcerpm: xfsprogs-6.11.0-2.el10.src.rpm
  source:
  - url: https://cdn.redhat.com/content/dist/rhel10/10/s390x/baseos/source/SRPMS/Packages/c/cryptsetup-2.7.5-2.el10.src.rpm
    repoid: rhel-10-for-s390x-baseos-source-rpms
    size: 11752375
    checksum: sha256:21465cbb93f8968609590274d7610a0ebc9eeae5c78ef89686b5ab37ad4ec7da
    name: cryptsetup
    evr: 2.7.5-2.el10
  - url: https://cdn.redhat.com/content/dist/rhel10/10/s390x/baseos/source/SRPMS/Packages/c/cyrus-sasl-2.1.28-29.el10.src.rpm
    repoid: rhel-10-for-s390x-baseos-source-rpms
    size: 3988047
    checksum: sha256:0b9523e5525995fae588298cc04dcdaf6c173334b608a13ed4f2647cc74bba83
    name: cyrus-sasl
    evr: 2.1.28-29.el10
  - url: https://cdn.redhat.com/content/dist/rhel10/10/s390x/baseos/source/SRPMS/Packages/d/ding-libs-0.6.2-58.el10.src.rpm
    repoid: rhel-10-for-s390x-baseos-source-rpms
    size: 992630
    checksum: sha256:732e2da374f055c36ccbe28422df11af7a34b577524ca367cc627791e78d4596
    name: ding-libs
    evr: 0.6.2-58.el10
  - url: https://cdn.redhat.com/content/dist/rhel10/10/s390x/baseos/source/SRPMS/Packages/e/e2fsprogs-1.47.1-4.el10.src.rpm
    repoid: rhel-10-for-s390x-baseos-source-rpms
    size: 7689808
    checksum: sha256:4b79a5bac5f7825392ff9e8fd5ca438e8b93b1eeba43d79f9a16dcda0a895bd1
    name: e2fsprogs
    evr: 1.47.1-4.el10
  - url: https://cdn.redhat.com/content/dist/rhel10/10/s390x/baseos/source/SRPMS/Packages/f/fuse3-3.16.2-5.el10.src.rpm
    repoid: rhel-10-for-s390x-baseos-source-rpms
    size: 14168039
    checksum: sha256:0e53c17dc1c66c78a3ee5512437c4751776197e2bcd21d9b0ae6e30d803cb593
    name: fuse3
    evr: 3.16.2-5.el10
  - url: https://cdn.redhat.com/content/dist/rhel10/10/s390x/baseos/source/SRPMS/Packages/g/gssproxy-0.9.2-10.el10.src.rpm
    repoid: rhel-10-for-s390x-baseos-source-rpms
    size: 638430
    checksum: sha256:98441df481c3844cc4556e70ae4f7b5d4d5984261c7d22ed4d6f6a839e841834
    name: gssproxy
    evr: 0.9.2-10.el10
  - url: https://cdn.redhat.com/content/dist/rhel10/10/s390x/baseos/source/SRPMS/Packages/i/inih-58-3.el10.src.rpm
    repoid: rhel-10-for-s390x-baseos-source-rpms
    size: 37319
    checksum: sha256:cba14ceec6d845e288e6aeefacff7ffdc5c06c5541bc5a0b45ba5e729ebd053d
    name: inih
    evr: 58-3.el10
  - url: https://cdn.redhat.com/content/dist/rhel10/10/s390x/baseos/source/SRPMS/Packages/i/iscsi-initiator-utils-6.2.1.11-0.git4b3e853.el10.src.rpm
    repoid: rhel-10-for-s390x-baseos-source-rpms
    size: 736596
    checksum: sha256:136b9fcdb7a607366c501b6145784b2edf0bc3f3d57419062a987e19d7a94daa
    name: iscsi-initiator-utils
    evr: 6.2.1.11-0.git4b3e853.el10
  - url: https://cdn.redhat.com/content/dist/rhel10/10/s390x/baseos/source/SRPMS/Packages/i/isns-utils-0.103-1.el10.src.rpm
    repoid: rhel-10-for-s390x-baseos-source-rpms
    size: 279249
    checksum: sha256:d087dac833a31cfa50ad902044eab935c874c3a97deb614788b775543b2ee6a7
    name: isns-utils
    evr: 0.103-1.el10
  - url: https://cdn.redhat.com/content/dist/rhel10/10/s390x/baseos/source/SRPMS/Packages/k/kmod-31-12.el10.src.rpm
    repoid: rhel-10-for-s390x-baseos-source-rpms
    size: 623740
    checksum: sha256:16e7cda5be95899fb50254bf38ec349f0d2e7ab15900ee970193cd408e48df90
    name: kmod
    evr: 31-12.el10
  - url: https://cdn.redhat.com/content/dist/rhel10/10/s390x/baseos/source/SRPMS/Packages/l/libedit-3.1-52.20230828cvs.el10.src.rpm
    repoid: rhel-10-for-s390x-baseos-source-rpms
    size: 565695
    checksum: sha256:3ae3bffbac4d27d6b41deede6c1246391f0174e1f06f2afceac5c041bf92a8ec
    name: libedit
    evr: 3.1-52.20230828cvs.el10
  - url: https://cdn.redhat.com/content/dist/rhel10/10/s390x/baseos/source/SRPMS/Packages/l/libev-4.33-14.el10.src.rpm
    repoid: rhel-10-for-s390x-baseos-source-rpms
    size: 600611
    checksum: sha256:b5c846c2d0fe8a5ac8bcd87be725a78885e651e9b78bdbc692866c3578f906c5
    name: libev
    evr: 4.33-14.el10
  - url: https://cdn.redhat.com/content/dist/rhel10/10/s390x/baseos/source/SRPMS/Packages/l/libevent-2.1.12-16.el10.src.rpm
    repoid: rhel-10-for-s390x-baseos-source-rpms
    size: 1144998
    checksum: sha256:5e59fb2304228caf5238d5b603ac5151cc990299f5cd8e736cef230e73c6f785
    name: libevent
    evr: 2.1.12-16.el10
  - url: https://cdn.redhat.com/content/dist/rhel10/10/s390x/baseos/source/SRPMS/Packages/l/libnl3-3.11.0-1.el10.src.rpm
    repoid: rhel-10-for-s390x-baseos-source-rpms
    size: 5089028
    checksum: sha256:3da5f6833d136beefc1a8c2644a571ec7ce4916588aacd3b01afda037e2cc90a
    name: libnl3
    evr: 3.11.0-1.el10
  - url: https://cdn.redhat.com/content/dist/rhel10/10/s390x/baseos/source/SRPMS/Packages/l/libtirpc-1.3.5-1.el10.src.rpm
    repoid: rhel-10-for-s390x-baseos-source-rpms
    size: 610226
    checksum: sha256:305c8f1700f706ffde015e15fd4611456523f3a71d1b087ebecc44cb752da27c
    name: libtirpc
    evr: 1.3.5-1.el10
  - url: https://cdn.redhat.com/content/dist/rhel10/10/s390x/baseos/source/SRPMS/Packages/l/libverto-0.3.2-10.el10.src.rpm
    repoid: rhel-10-for-s390x-baseos-source-rpms
    size: 412293
    checksum: sha256:f2c4fb59a37d33ab6bd4ca9d2f4d0dccf9a1e47bcd66816c0b437dbb67553496
    name: libverto
    evr: 0.3.2-10.el10
  - url: https://cdn.redhat.com/content/dist/rhel10/10/s390x/baseos/source/SRPMS/Packages/l/lvm2-2.03.32-3.el10.src.rpm
    repoid: rhel-10-for-s390x-baseos-source-rpms
    size: 3279655
    checksum: sha256:99ee01534d388e5f705064b005a7303da0a104907a8a9132f3765e62e17b87a6
    name: lvm2
    evr: 10:2.03.32-3.el10
  - url: https://cdn.redhat.com/content/dist/rhel10/10/s390x/baseos/source/SRPMS/Packages/n/nfs-utils-2.8.3-0.el10.src.rpm
    repoid: rhel-10-for-s390x-baseos-source-rpms
    size: 895535
    checksum: sha256:a1886cb745bf52553960fc2847547317c418e7e6010c33a17f0ef0fe87fe6c53
    name: nfs-utils
    evr: 1:2.8.3-0.el10
  - url: https://cdn.redhat.com/content/dist/rhel10/10/s390x/baseos/source/SRPMS/Packages/o/openldap-2.6.9-1.el10.src.rpm
    repoid: rhel-10-for-s390x-baseos-source-rpms
    size: 6642175
    checksum: sha256:c51a5a6eefb4b94a5bd377e140710df620a6ffd7373e96e32f0afae9bec8d8ea
    name: openldap
    evr: 2.6.9-1.el10
  - url: https://cdn.redhat.com/content/dist/rhel10/10/s390x/baseos/source/SRPMS/Packages/q/quota-4.09-9.el10.src.rpm
    repoid: rhel-10-for-s390x-baseos-source-rpms
    size: 601625
    checksum: sha256:7b3b45b2bb6eaa90f3eeba069469de5495b351d8b5154a686c34d69cebc9caf4
    name: quota
    evr: 1:4.09-9.el10
  - url: https://cdn.redhat.com/content/dist/rhel10/10/s390x/baseos/source/SRPMS/Packages/r/rpcbind-1.2.7-3.el10.src.rpm
    repoid: rhel-10-for-s390x-baseos-source-rpms
    size: 175262
    checksum: sha256:486a5e552825c9a9e6e2021e2342316b971cc376db712ec9176181792db08323
    name: rpcbind
    evr: 1.2.7-3.el10
  - url: https://cdn.redhat.com/content/dist/rhel10/10/s390x/baseos/source/SRPMS/Packages/u/userspace-rcu-0.14.0-7.el10.src.rpm
    repoid: rhel-10-for-s390x-baseos-source-rpms
    size: 690743
    checksum: sha256:85f020b13a5c9c24a0110c6ce3ad44a3d98e32ec671956a767cc4272a7cbbfd8
    name: userspace-rcu
    evr: 0.14.0-7.el10
  - url: https://cdn.redhat.com/content/dist/rhel10/10/s390x/baseos/source/SRPMS/Packages/x/xfsprogs-6.11.0-2.el10.src.rpm
    repoid: rhel-10-for-s390x-baseos-source-rpms
    size: 1507075
    checksum: sha256:389e95b6d9a08297465bce730aec6db98ab03fd59a5cfec6e8d26aa45754149b
    name: xfsprogs
    evr: 6.11.0-2.el10
  module_metadata: []
- arch: x86_64
  packages:
  - url: https://cdn.redhat.com/content/dist/rhel10/10/x86_64/baseos/os/Packages/c/cryptsetup-2.7.5-2.el10.x86_64.rpm
    repoid: rhel-10-for-x86_64-baseos-rpms
    size: 344352
    checksum: sha256:e81d3c035e1cebb0d8b69675d2e2b099792a4175ea043f964c3d9199a386a577
    name: cryptsetup
    evr: 2.7.5-2.el10
    sourcerpm: cryptsetup-2.7.5-2.el10.src.rpm
  - url: https://cdn.redhat.com/content/dist/rhel10/10/x86_64/baseos/os/Packages/c/cryptsetup-libs-2.7.5-2.el10.x86_64.rpm
    repoid: rhel-10-for-x86_64-baseos-rpms
    size: 552188
    checksum: sha256:0faaad16d8ff77144bd9bef889b4048491914ad75526987e6606b92f0a2f1589
    name: cryptsetup-libs
    evr: 2.7.5-2.el10
    sourcerpm: cryptsetup-2.7.5-2.el10.src.rpm
  - url: https://cdn.redhat.com/content/dist/rhel10/10/x86_64/baseos/os/Packages/c/cyrus-sasl-lib-2.1.28-29.el10.x86_64.rpm
    repoid: rhel-10-for-x86_64-baseos-rpms
    size: 108545
    checksum: sha256:24e828190ace074a593f254693a25e92fb417556d8bc843ce06de5131927d34b
    name: cyrus-sasl-lib
    evr: 2.1.28-29.el10
    sourcerpm: cyrus-sasl-2.1.28-29.el10.src.rpm
  - url: https://cdn.redhat.com/content/dist/rhel10/10/x86_64/baseos/os/Packages/d/device-mapper-1.02.206-3.el10.x86_64.rpm
    repoid: rhel-10-for-x86_64-baseos-rpms
    size: 143516
    checksum: sha256:5c474b5f1c6d3d639299a560c1a437f7370bc9480ba07718b5f638bb6a8b90dd
    name: device-mapper
    evr: 10:1.02.206-3.el10
    sourcerpm: lvm2-2.03.32-3.el10.src.rpm
  - url: https://cdn.redhat.com/content/dist/rhel10/10/x86_64/baseos/os/Packages/d/device-mapper-libs-1.02.206-3.el10.x86_64.rpm
    repoid: rhel-10-for-x86_64-baseos-rpms
    size: 186267
    checksum: sha256:1899f480df3e7c8460760a8f6207b0e6f773dacd000bc4fcf3d025f2d3adc07d
    name: device-mapper-libs
    evr: 10:1.02.206-3.el10
    sourcerpm: lvm2-2.03.32-3.el10.src.rpm
  - url: https://cdn.redhat.com/content/dist/rhel10/10/x86_64/baseos/os/Packages/e/e2fsprogs-1.47.1-4.el10.x86_64.rpm
    repoid: rhel-10-for-x86_64-baseos-rpms
    size: 1109332
    checksum: sha256:24f5934aa52c3297d7fd0e8d56a6fd2c1c974aaa0766690f7120b9826bc0185d
    name: e2fsprogs
    evr: 1.47.1-4.el10
    sourcerpm: e2fsprogs-1.47.1-4.el10.src.rpm
  - url: https://cdn.redhat.com/content/dist/rhel10/10/x86_64/baseos/os/Packages/e/e2fsprogs-libs-1.47.1-4.el10.x86_64.rpm
    repoid: rhel-10-for-x86_64-baseos-rpms
    size: 231574
    checksum: sha256:d5a42e491cede41d4c13b513ccad580cade510b9e15db87123c25a1ce22e1dea
    name: e2fsprogs-libs
    evr: 1.47.1-4.el10
    sourcerpm: e2fsprogs-1.47.1-4.el10.src.rpm
  - url: https://cdn.redhat.com/content/dist/rhel10/10/x86_64/baseos/os/Packages/f/fuse3-libs-3.16.2-5.el10.x86_64.rpm
    repoid: rhel-10-for-x86_64-baseos-rpms
    size: 99163
    checksum: sha256:beaea21f048e0ead5fffce0d8a572ead7a6bc3ed1fdef2fe53e90c5d64ac6b64
    name: fuse3-libs
    evr: 3.16.2-5.el10
    sourcerpm: fuse3-3.16.2-5.el10.src.rpm
  - url: https://cdn.redhat.com/content/dist/rhel10/10/x86_64/baseos/os/Packages/g/gssproxy-0.9.2-10.el10.x86_64.rpm
    repoid: rhel-10-for-x86_64-baseos-rpms
    size: 121061
    checksum: sha256:0dafe1a5f06c632b919e14645219c02c68284d4466ffb784ef64cf0575c69abd
    name: gssproxy
    evr: 0.9.2-10.el10
    sourcerpm: gssproxy-0.9.2-10.el10.src.rpm
  - url: https://cdn.redhat.com/content/dist/rhel10/10/x86_64/baseos/os/Packages/i/inih-58-3.el10.x86_64.rpm
    repoid: rhel-10-for-x86_64-baseos-rpms
    size: 21314
    checksum: sha256:ebecd05a40a047a283d1536674da276a5a485aeab221e58ea4b67deb03b1a547
    name: inih
    evr: 58-3.el10
    sourcerpm: inih-58-3.el10.src.rpm
  - url: https://cdn.redhat.com/content/dist/rhel10/10/x86_64/baseos/os/Packages/i/iscsi-initiator-utils-6.2.1.11-0.git4b3e853.el10.x86_64.rpm
    repoid: rhel-10-for-x86_64-baseos-rpms
    size: 407301
    checksum: sha256:0aeb8f4736a22e76efcdd3c8d4a84758e4e6999a968e765169bb91cc3389fe3c
    name: iscsi-initiator-utils
    evr: 6.2.1.11-0.git4b3e853.el10
    sourcerpm: iscsi-initiator-utils-6.2.1.11-0.git4b3e853.el10.src.rpm
  - url: https://cdn.redhat.com/content/dist/rhel10/10/x86_64/baseos/os/Packages/i/iscsi-initiator-utils-iscsiuio-6.2.1.11-0.git4b3e853.el10.x86_64.rpm
    repoid: rhel-10-for-x86_64-baseos-rpms
    size: 84460
    checksum: sha256:8bdcc04aeee2ebae8ff8d321c9040d2638e62a46b75605bcde9acfe38e15a53c
    name: iscsi-initiator-utils-iscsiuio
    evr: 6.2.1.11-0.git4b3e853.el10
    sourcerpm: iscsi-initiator-utils-6.2.1.11-0.git4b3e853.el10.src.rpm
  - url: https://cdn.redhat.com/content/dist/rhel10/10/x86_64/baseos/os/Packages/i/isns-utils-libs-0.103-1.el10.x86_64.rpm
    repoid: rhel-10-for-x86_64-baseos-rpms
    size: 103593
    checksum: sha256:130bbc0ab2459242e400d6ca986a97f027c516dc68283d2c04a763b23f1ec9cb
    name: isns-utils-libs
    evr: 0.103-1.el10
    sourcerpm: isns-utils-0.103-1.el10.src.rpm
  - url: https://cdn.redhat.com/content/dist/rhel10/10/x86_64/baseos/os/Packages/k/kmod-31-12.el10.x86_64.rpm
    repoid: rhel-10-for-x86_64-baseos-rpms
    size: 139642
    checksum: sha256:be0647f612d1c19c89c9124b51e1057eaa8fa85d3b2dd8feaaa34b3bb89188a6
    name: kmod
    evr: 31-12.el10
    sourcerpm: kmod-31-12.el10.src.rpm
  - url: https://cdn.redhat.com/content/dist/rhel10/10/x86_64/baseos/os/Packages/k/kmod-libs-31-12.el10.x86_64.rpm
    repoid: rhel-10-for-x86_64-baseos-rpms
    size: 71144
    checksum: sha256:62f568e862e577e3b9f0b1c0f505fdc9fc1fcbab3b5c587b9e40d97d2289df81
    name: kmod-libs
    evr: 31-12.el10
    sourcerpm: kmod-31-12.el10.src.rpm
  - url: https://cdn.redhat.com/content/dist/rhel10/10/x86_64/baseos/os/Packages/l/libbasicobjects-0.1.1-58.el10.x86_64.rpm
    repoid: rhel-10-for-x86_64-baseos-rpms
    size: 29127
    checksum: sha256:3bea72ba917efe168e3d75b6a0ef60dccfbf4a94e2ca2f85a190ffcd69e931a4
    name: libbasicobjects
    evr: 0.1.1-58.el10
    sourcerpm: ding-libs-0.6.2-58.el10.src.rpm
  - url: https://cdn.redhat.com/content/dist/rhel10/10/x86_64/baseos/os/Packages/l/libcollection-0.7.0-58.el10.x86_64.rpm
    repoid: rhel-10-for-x86_64-baseos-rpms
    size: 48064
    checksum: sha256:a03eaa4a90c42f1781b31fad90940caa2c6043803d98695c4cac267a88fe4f1b
    name: libcollection
    evr: 0.7.0-58.el10
    sourcerpm: ding-libs-0.6.2-58.el10.src.rpm
  - url: https://cdn.redhat.com/content/dist/rhel10/10/x86_64/baseos/os/Packages/l/libedit-3.1-52.20230828cvs.el10.x86_64.rpm
    repoid: rhel-10-for-x86_64-baseos-rpms
    size: 110822
    checksum: sha256:d984e5aa4856820528bd2829f086c2f3883173b91daa0a304af215e3a0c6a6be
    name: libedit
    evr: 3.1-52.20230828cvs.el10
    sourcerpm: libedit-3.1-52.20230828cvs.el10.src.rpm
  - url: https://cdn.redhat.com/content/dist/rhel10/10/x86_64/baseos/os/Packages/l/libev-4.33-14.el10.x86_64.rpm
    repoid: rhel-10-for-x86_64-baseos-rpms
    size: 57016
    checksum: sha256:cf17732ff8cc32308ef598243e90d981a57d203388812c896a3fe2d19e6c68b7
    name: libev
    evr: 4.33-14.el10
    sourcerpm: libev-4.33-14.el10.src.rpm
  - url: https://cdn.redhat.com/content/dist/rhel10/10/x86_64/baseos/os/Packages/l/libevent-2.1.12-16.el10.x86_64.rpm
    repoid: rhel-10-for-x86_64-baseos-rpms
    size: 271480
    checksum: sha256:0cfcc4c1b669d1b334e416230aa3b3e1a91531b96892e52e724242a89d1e75fa
    name: libevent
    evr: 2.1.12-16.el10
    sourcerpm: libevent-2.1.12-16.el10.src.rpm
  - url: https://cdn.redhat.com/content/dist/rhel10/10/x86_64/baseos/os/Packages/l/libini_config-1.3.1-58.el10.x86_64.rpm
    repoid: rhel-10-for-x86_64-baseos-rpms
    size: 71686
    checksum: sha256:bf54a7f0135c151980097b75a43acd104c300811e8ac492b7eaf487e60560356
    name: libini_config
    evr: 1.3.1-58.el10
    sourcerpm: ding-libs-0.6.2-58.el10.src.rpm
  - url: https://cdn.redhat.com/content/dist/rhel10/10/x86_64/baseos/os/Packages/l/libnfsidmap-2.8.3-0.el10.x86_64.rpm
    repoid: rhel-10-for-x86_64-baseos-rpms
    size: 64929
    checksum: sha256:a66b545c33b4176283b912cabd879be9dbe95fe2de341cbdcef8da2c0b65197b
    name: libnfsidmap
    evr: 1:2.8.3-0.el10
    sourcerpm: nfs-utils-2.8.3-0.el10.src.rpm
  - url: https://cdn.redhat.com/content/dist/rhel10/10/x86_64/baseos/os/Packages/l/libnl3-3.11.0-1.el10.x86_64.rpm
    repoid: rhel-10-for-x86_64-baseos-rpms
    size: 374208
    checksum: sha256:f43e83ce1afebac43eb81dc348829516fb97dce8b0e05ad76a1d06af4342e5f4
    name: libnl3
    evr: 3.11.0-1.el10
    sourcerpm: libnl3-3.11.0-1.el10.src.rpm
  - url: https://cdn.redhat.com/content/dist/rhel10/10/x86_64/baseos/os/Packages/l/libpath_utils-0.2.1-58.el10.x86_64.rpm
    repoid: rhel-10-for-x86_64-baseos-rpms
    size: 32301
    checksum: sha256:1ae44c3c0caf2ed28d656ce0486b8f59cf797db5b4f4ec879ffb37262ead33d3
    name: libpath_utils
    evr: 0.2.1-58.el10
    sourcerpm: ding-libs-0.6.2-58.el10.src.rpm
  - url: https://cdn.redhat.com/content/dist/rhel10/10/x86_64/baseos/os/Packages/l/libref_array-0.1.5-58.el10.x86_64.rpm
    repoid: rhel-10-for-x86_64-baseos-rpms
    size: 30811
    checksum: sha256:37da7cb4168e5152f5d95afc308a4d8a7ad62e974c2f909f8fcff4d6ae78c2ca
    name: libref_array
    evr: 0.1.5-58.el10
    sourcerpm: ding-libs-0.6.2-58.el10.src.rpm
  - url: https://cdn.redhat.com/content/dist/rhel10/10/x86_64/baseos/os/Packages/l/libss-1.47.1-4.el10.x86_64.rpm
    repoid: rhel-10-for-x86_64-baseos-rpms
    size: 33273
    checksum: sha256:bdcfbb5ab79c23d6b84e26ddaa496443b338ddca0c36f95028cf29d4b75c313e
    name: libss
    evr: 1.47.1-4.el10
    sourcerpm: e2fsprogs-1.47.1-4.el10.src.rpm
  - url: https://cdn.redhat.com/content/dist/rhel10/10/x86_64/baseos/os/Packages/l/libtirpc-1.3.5-1.el10.x86_64.rpm
    repoid: rhel-10-for-x86_64-baseos-rpms
    size: 100203
    checksum: sha256:ebfd3d0faba7cb8c5d627991d54328026cf789601440ab926a6adf75aa5e14b2
    name: libtirpc
    evr: 1.3.5-1.el10
    sourcerpm: libtirpc-1.3.5-1.el10.src.rpm
  - url: https://cdn.redhat.com/content/dist/rhel10/10/x86_64/baseos/os/Packages/l/libverto-libev-0.3.2-10.el10.x86_64.rpm
    repoid: rhel-10-for-x86_64-baseos-rpms
    size: 15358
    checksum: sha256:7b5f9dcd670917a6c1438fd4deaa042bcbc8e67ce0f316ce26c78acd76658dcf
    name: libverto-libev
    evr: 0.3.2-10.el10
    sourcerpm: libverto-0.3.2-10.el10.src.rpm
  - url: https://cdn.redhat.com/content/dist/rhel10/10/x86_64/baseos/os/Packages/n/nfs-utils-2.8.3-0.el10.x86_64.rpm
    repoid: rhel-10-for-x86_64-baseos-rpms
    size: 496933
    checksum: sha256:6693fcf063cfdd1deecbc80748048af0345eaaa6984ae058c59e2cd98561129e
    name: nfs-utils
    evr: 1:2.8.3-0.el10
    sourcerpm: nfs-utils-2.8.3-0.el10.src.rpm
  - url: https://cdn.redhat.com/content/dist/rhel10/10/x86_64/baseos/os/Packages/o/openldap-2.6.9-1.el10.x86_64.rpm
    repoid: rhel-10-for-x86_64-baseos-rpms
    size: 245450
    checksum: sha256:f88148da9e577523ebf32b7f53f9a83ae75a76c75a9a011d6d9fc76c3005a2e8
    name: openldap
    evr: 2.6.9-1.el10
    sourcerpm: openldap-2.6.9-1.el10.src.rpm
  - url: https://cdn.redhat.com/content/dist/rhel10/10/x86_64/baseos/os/Packages/q/quota-4.09-9.el10.x86_64.rpm
    repoid: rhel-10-for-x86_64-baseos-rpms
    size: 206200
    checksum: sha256:0ce2ca06ffa6da76fb2be42391de66c320503ef105a1efa410c795e9ca68d4ee
    name: quota
    evr: 1:4.09-9.el10
    sourcerpm: quota-4.09-9.el10.src.rpm
  - url: https://cdn.redhat.com/content/dist/rhel10/10/x86_64/baseos/os/Packages/q/quota-nls-4.09-9.el10.noarch.rpm
    repoid: rhel-10-for-x86_64-baseos-rpms
    size: 81280
    checksum: sha256:e4d15257ce8b5bb1e5d5f31f103078603a7ba2984099e1a392a11bc79a715b78
    name: quota-nls
    evr: 1:4.09-9.el10
    sourcerpm: quota-4.09-9.el10.src.rpm
  - url: https://cdn.redhat.com/content/dist/rhel10/10/x86_64/baseos/os/Packages/r/rpcbind-1.2.7-3.el10.x86_64.rpm
    repoid: rhel-10-for-x86_64-baseos-rpms
    size: 64011
    checksum: sha256:1dc5816d4368e900b3265c6a7ae8ad610ad8c9a54c90bc5fe6e1a9be61a65598
    name: rpcbind
    evr: 1.2.7-3.el10
    sourcerpm: rpcbind-1.2.7-3.el10.src.rpm
  - url: https://cdn.redhat.com/content/dist/rhel10/10/x86_64/baseos/os/Packages/u/userspace-rcu-0.14.0-7.el10.x86_64.rpm
    repoid: rhel-10-for-x86_64-baseos-rpms
    size: 122297
    checksum: sha256:f07c0090217c8fd6f5fd6f5a66ae8340fcc343e84cd788ed640c0d78dedd8177
    name: userspace-rcu
    evr: 0.14.0-7.el10
    sourcerpm: userspace-rcu-0.14.0-7.el10.src.rpm
  - url: https://cdn.redhat.com/content/dist/rhel10/10/x86_64/baseos/os/Packages/x/xfsprogs-6.11.0-2.el10.x86_64.rpm
    repoid: rhel-10-for-x86_64-baseos-rpms
    size: 1228827
    checksum: sha256:eaa809bdc67c62cf0d2f2fd1fb496d384e582e31605a5f22c80ed7b060efc3d8
    name: xfsprogs
    evr: 6.11.0-2.el10
    sourcerpm: xfsprogs-6.11.0-2.el10.src.rpm
  source:
  - url: https://cdn.redhat.com/content/dist/rhel10/10/x86_64/baseos/source/SRPMS/Packages/c/cryptsetup-2.7.5-2.el10.src.rpm
    repoid: rhel-10-for-x86_64-baseos-source-rpms
    size: 11752375
    checksum: sha256:21465cbb93f8968609590274d7610a0ebc9eeae5c78ef89686b5ab37ad4ec7da
    name: cryptsetup
    evr: 2.7.5-2.el10
  - url: https://cdn.redhat.com/content/dist/rhel10/10/x86_64/baseos/source/SRPMS/Packages/c/cyrus-sasl-2.1.28-29.el10.src.rpm
    repoid: rhel-10-for-x86_64-baseos-source-rpms
    size: 3988047
    checksum: sha256:0b9523e5525995fae588298cc04dcdaf6c173334b608a13ed4f2647cc74bba83
    name: cyrus-sasl
    evr: 2.1.28-29.el10
  - url: https://cdn.redhat.com/content/dist/rhel10/10/x86_64/baseos/source/SRPMS/Packages/d/ding-libs-0.6.2-58.el10.src.rpm
    repoid: rhel-10-for-x86_64-baseos-source-rpms
    size: 992630
    checksum: sha256:732e2da374f055c36ccbe28422df11af7a34b577524ca367cc627791e78d4596
    name: ding-libs
    evr: 0.6.2-58.el10
  - url: https://cdn.redhat.com/content/dist/rhel10/10/x86_64/baseos/source/SRPMS/Packages/e/e2fsprogs-1.47.1-4.el10.src.rpm
    repoid: rhel-10-for-x86_64-baseos-source-rpms
    size: 7689808
    checksum: sha256:4b79a5bac5f7825392ff9e8fd5ca438e8b93b1eeba43d79f9a16dcda0a895bd1
    name: e2fsprogs
    evr: 1.47.1-4.el10
  - url: https://cdn.redhat.com/content/dist/rhel10/10/x86_64/baseos/source/SRPMS/Packages/f/fuse3-3.16.2-5.el10.src.rpm
    repoid: rhel-10-for-x86_64-baseos-source-rpms
    size: 14168039
    checksum: sha256:0e53c17dc1c66c78a3ee5512437c4751776197e2bcd21d9b0ae6e30d803cb593
    name: fuse3
    evr: 3.16.2-5.el10
  - url: https://cdn.redhat.com/content/dist/rhel10/10/x86_64/baseos/source/SRPMS/Packages/g/gssproxy-0.9.2-10.el10.src.rpm
    repoid: rhel-10-for-x86_64-baseos-source-rpms
    size: 638430
    checksum: sha256:98441df481c3844cc4556e70ae4f7b5d4d5984261c7d22ed4d6f6a839e841834
    name: gssproxy
    evr: 0.9.2-10.el10
  - url: https://cdn.redhat.com/content/dist/rhel10/10/x86_64/baseos/source/SRPMS/Packages/i/inih-58-3.el10.src.rpm
    repoid: rhel-10-for-x86_64-baseos-source-rpms
    size: 37319
    checksum: sha256:cba14ceec6d845e288e6aeefacff7ffdc5c06c5541bc5a0b45ba5e729ebd053d
    name: inih
    evr: 58-3.el10
  - url: https://cdn.redhat.com/content/dist/rhel10/10/x86_64/baseos/source/SRPMS/Packages/i/iscsi-initiator-utils-6.2.1.11-0.git4b3e853.el10.src.rpm
    repoid: rhel-10-for-x86_64-baseos-source-rpms
    size: 736596
    checksum: sha256:136b9fcdb7a607366c501b6145784b2edf0bc3f3d57419062a987e19d7a94daa
    name: iscsi-initiator-utils
    evr: 6.2.1.11-0.git4b3e853.el10
  - url: https://cdn.redhat.com/content/dist/rhel10/10/x86_64/baseos/source/SRPMS/Packages/i/isns-utils-0.103-1.el10.src.rpm
    repoid: rhel-10-for-x86_64-baseos-source-rpms
    size: 279249
    checksum: sha256:d087dac833a31cfa50ad902044eab935c874c3a97deb614788b775543b2ee6a7
    name: isns-utils
    evr: 0.103-1.el10
  - url: https://cdn.redhat.com/content/dist/rhel10/10/x86_64/baseos/source/SRPMS/Packages/k/kmod-31-12.el10.src.rpm
    repoid: rhel-10-for-x86_64-baseos-source-rpms
    size: 623740
    checksum: sha256:16e7cda5be95899fb50254bf38ec349f0d2e7ab15900ee970193cd408e48df90
    name: kmod
    evr: 31-12.el10
  - url: https://cdn.redhat.com/content/dist/rhel10/10/x86_64/baseos/source/SRPMS/Packages/l/libedit-3.1-52.20230828cvs.el10.src.rpm
    repoid: rhel-10-for-x86_64-baseos-source-rpms
    size: 565695
    checksum: sha256:3ae3bffbac4d27d6b41deede6c1246391f0174e1f06f2afceac5c041bf92a8ec
    name: libedit
    evr: 3.1-52.20230828cvs.el10
  - url: https://cdn.redhat.com/content/dist/rhel10/10/x86_64/baseos/source/SRPMS/Packages/l/libev-4.33-14.el10.src.rpm
    repoid: rhel-10-for-x86_64-baseos-source-rpms
    size: 600611
    checksum: sha256:b5c846c2d0fe8a5ac8bcd87be725a78885e651e9b78bdbc692866c3578f906c5
    name: libev
    evr: 4.33-14.el10
  - url: https://cdn.redhat.com/content/dist/rhel10/10/x86_64/baseos/source/SRPMS/Packages/l/libevent-2.1.12-16.el10.src.rpm
    repoid: rhel-10-for-x86_64-baseos-source-rpms
    size: 1144998
    checksum: sha256:5e59fb2304228caf5238d5b603ac5151cc990299f5cd8e736cef230e73c6f785
    name: libevent
    evr: 2.1.12-16.el10
  - url: https://cdn.redhat.com/content/dist/rhel10/10/x86_64/baseos/source/SRPMS/Packages/l/libnl3-3.11.0-1.el10.src.rpm
    repoid: rhel-10-for-x86_64-baseos-source-rpms
    size: 5089028
    checksum: sha256:3da5f6833d136beefc1a8c2644a571ec7ce4916588aacd3b01afda037e2cc90a
    name: libnl3
    evr: 3.11.0-1.el10
  - url: https://cdn.redhat.com/content/dist/rhel10/10/x86_64/baseos/source/SRPMS/Packages/l/libtirpc-1.3.5-1.el10.src.rpm
    repoid: rhel-10-for-x86_64-baseos-source-rpms
    size: 610226
    checksum: sha256:305c8f1700f706ffde015e15fd4611456523f3a71d1b087ebecc44cb752da27c
    name: libtirpc
    evr: 1.3.5-1.el10
  - url: https://cdn.redhat.com/content/dist/rhel10/10/x86_64/baseos/source/SRPMS/Packages/l/libverto-0.3.2-10.el10.src.rpm
    repoid: rhel-10-for-x86_64-baseos-source-rpms
    size: 412293
    checksum: sha256:f2c4fb59a37d33ab6bd4ca9d2f4d0dccf9a1e47bcd66816c0b437dbb67553496
    name: libverto
    evr: 0.3.2-10.el10
  - url: https://cdn.redhat.com/content/dist/rhel10/10/x86_64/baseos/source/SRPMS/Packages/l/lvm2-2.03.32-3.el10.src.rpm
    repoid: rhel-10-for-x86_64-baseos-source-rpms
    size: 3279655
    checksum: sha256:99ee01534d388e5f705064b005a7303da0a104907a8a9132f3765e62e17b87a6
    name: lvm2
    evr: 10:2.03.32-3.el10
  - url: https://cdn.redhat.com/content/dist/rhel10/10/x86_64/baseos/source/SRPMS/Packages/n/nfs-utils-2.8.3-0.el10.src.rpm
    repoid: rhel-10-for-x86_64-baseos-source-rpms
    size: 895535
    checksum: sha256:a1886cb745bf52553960fc2847547317c418e7e6010c33a17f0ef0fe87fe6c53
    name: nfs-utils
    evr: 1:2.8.3-0.el10
  - url: https://cdn.redhat.com/content/dist/rhel10/10/x86_64/baseos/source/SRPMS/Packages/o/openldap-2.6.9-1.el10.src.rpm
    repoid: rhel-10-for-x86_64-baseos-source-rpms
    size: 6642175
    checksum: sha256:c51a5a6eefb4b94a5bd377e140710df620a6ffd7373e96e32f0afae9bec8d8ea
    name: openldap
    evr: 2.6.9-1.el10
  - url: https://cdn.redhat.com/content/dist/rhel10/10/x86_64/baseos/source/SRPMS/Packages/q/quota-4.09-9.el10.src.rpm
    repoid: rhel-10-for-x86_64-baseos-source-rpms
    size: 601625
    checksum: sha256:7b3b45b2bb6eaa90f3eeba069469de5495b351d8b5154a686c34d69cebc9caf4
    name: quota
    evr: 1:4.09-9.el10
  - url: https://cdn.redhat.com/content/dist/rhel10/10/x86_64/baseos/source/SRPMS/Packages/r/rpcbind-1.2.7-3.el10.src.rpm
    repoid: rhel-10-for-x86_64-baseos-source-rpms
    size: 175262
    checksum: sha256:486a5e552825c9a9e6e2021e2342316b971cc376db712ec9176181792db08323
    name: rpcbind
    evr: 1.2.7-3.el10
  - url: https://cdn.redhat.com/content/dist/rhel10/10/x86_64/baseos/source/SRPMS/Packages/u/userspace-rcu-0.14.0-7.el10.src.rpm
    repoid: rhel-10-for-x86_64-baseos-source-rpms
    size: 690743
    checksum: sha256:85f020b13a5c9c24a0110c6ce3ad44a3d98e32ec671956a767cc4272a7cbbfd8
    name: userspace-rcu
    evr: 0.14.0-7.el10
  - url: https://cdn.redhat.com/content/dist/rhel10/10/x86_64/baseos/source/SRPMS/Packages/x/xfsprogs-6.11.0-2.el10.src.rpm
    repoid: rhel-10-for-x86_64-baseos-source-rpms
    size: 1507075
    checksum: sha256:389e95b6d9a08297465bce730aec6db98ab03fd59a5cfec6e8d26aa45754149b
    name: xfsprogs
    evr: 6.11.0-2.el10
  module_metadata: []
